# This file is automatically @generated by Cargo.
# It is not intended for manual editing.
version = 3

[[package]]
name = "block-sys"
version = "0.2.1"
source = "registry+https://github.com/rust-lang/crates.io-index"
checksum = "ae85a0696e7ea3b835a453750bf002770776609115e6d25c6d2ff28a8200f7e7"
dependencies = [
 "objc-sys",
]

[[package]]
name = "block2"
version = "0.4.0"
source = "registry+https://github.com/rust-lang/crates.io-index"
checksum = "e58aa60e59d8dbfcc36138f5f18be5f24394d33b38b24f7fd0b1caa33095f22f"
dependencies = [
 "block-sys",
 "objc2",
]

[[package]]
name = "dispatch"
version = "0.2.0"
source = "registry+https://github.com/rust-lang/crates.io-index"
checksum = "bd0c93bb4b0c6d9b77f4435b0ae98c24d17f1c45b2ff844c6151a07256ca923b"

[[package]]
name = "icrate"
version = "0.1.2"
dependencies = [
 "block2",
 "dispatch",
 "objc2",
 "static_assertions",
]

[[package]]
name = "objc-sys"
version = "0.3.3"
source = "registry+https://github.com/rust-lang/crates.io-index"
checksum = "da284c198fb9b7b0603f8635185e85fbd5b64ee154b1ed406d489077de2d6d60"

[[package]]
name = "objc2"
version = "0.5.1"
source = "registry+https://github.com/rust-lang/crates.io-index"
checksum = "b4b25e1034d0e636cd84707ccdaa9f81243d399196b8a773946dcffec0401659"
dependencies = [
 "objc-sys",
 "objc2-encode",
]

[[package]]
name = "objc2-encode"
version = "4.0.1"
source = "registry+https://github.com/rust-lang/crates.io-index"
checksum = "88658da63e4cc2c8adb1262902cd6af51094df0488b760d6fd27194269c0950a"

[[package]]
name = "static_assertions"
version = "1.1.0"
source = "registry+https://github.com/rust-lang/crates.io-index"
checksum = "a2eb9349b6444b326872e140eb1cf5e7c522154d69e7a0ffb0fb81c06b37543f"
