# This file is automatically @generated by Cargo.
# It is not intended for manual editing.
version = 3

[[package]]
name = "enumflags2"
version = "0.7.11"
source = "registry+https://github.com/rust-lang/crates.io-index"
checksum = "ba2f4b465f5318854c6f8dd686ede6c0a9dc67d4b1ac241cf0eb51521a309147"
dependencies = [
 "enumflags2_derive",
 "serde",
]

[[package]]
name = "enumflags2_derive"
version = "0.7.11"
source = "registry+https://github.com/rust-lang/crates.io-index"
checksum = "fc4caf64a58d7a6d65ab00639b046ff54399a39f5f2554728895ace4b297cd79"
dependencies = [
 "proc-macro2",
 "quote",
 "syn",
]

[[package]]
name = "equivalent"
version = "1.0.2"
source = "registry+https://github.com/rust-lang/crates.io-index"
checksum = "877a4ace8713b0bcf2a4e7eec82529c029f1d0619886d18145fea96c3ffe5c0f"

[[package]]
name = "hashbrown"
version = "0.15.3"
source = "registry+https://github.com/rust-lang/crates.io-index"
checksum = "84b26c544d002229e640969970a2e74021aadf6e2f96372b9c58eff97de08eb3"

[[package]]
name = "indexmap"
version = "2.9.0"
source = "registry+https://github.com/rust-lang/crates.io-index"
checksum = "cea70ddb795996207ad57735b50c5982d8844f38ba9ee5f1aedcfb708a2aa11e"
dependencies = [
 "equivalent",
 "hashbrown",
]

[[package]]
name = "memchr"
version = "2.7.4"
source = "registry+https://github.com/rust-lang/crates.io-index"
checksum = "78ca9ab1a0babb1e7d5695e3530886289c18cf2f87ec19a575a0abdce112e3a3"

[[package]]
name = "proc-macro-crate"
version = "3.3.0"
source = "registry+https://github.com/rust-lang/crates.io-index"
checksum = "edce586971a4dfaa28950c6f18ed55e0406c1ab88bbce2c6f6293a7aaba73d35"
dependencies = [
 "toml_edit",
]

[[package]]
name = "proc-macro2"
version = "1.0.95"
source = "registry+https://github.com/rust-lang/crates.io-index"
checksum = "02b3e5e68a3a1a02aad3ec490a98007cbc13c37cbe84a3cd7b8e406d76e7f778"
dependencies = [
 "unicode-ident",
]

[[package]]
name = "quote"
version = "1.0.40"
source = "registry+https://github.com/rust-lang/crates.io-index"
checksum = "1885c039570dc00dcb4ff087a89e185fd56bae234ddc7f056a945bf36467248d"
dependencies = [
 "proc-macro2",
]

[[package]]
name = "serde"
version = "1.0.219"
source = "registry+https://github.com/rust-lang/crates.io-index"
checksum = "5f0e2c6ed6606019b4e29e69dbaba95b11854410e5347d525002456dbbb786b6"
dependencies = [
 "serde_derive",
]

[[package]]
name = "serde_derive"
version = "1.0.219"
source = "registry+https://github.com/rust-lang/crates.io-index"
checksum = "5b0276cf7f2c73365f7157c8123c21cd9a50fbbd844757af28ca1f5925fc2a00"
dependencies = [
 "proc-macro2",
 "quote",
 "syn",
]

[[package]]
name = "serde_repr"
version = "0.1.20"
source = "registry+https://github.com/rust-lang/crates.io-index"
checksum = "175ee3e80ae9982737ca543e96133087cbd9a485eecc3bc4de9c1a37b47ea59c"
dependencies = [
 "proc-macro2",
 "quote",
 "syn",
]

[[package]]
name = "static_assertions"
version = "1.1.0"
source = "registry+https://github.com/rust-lang/crates.io-index"
checksum = "a2eb9349b6444b326872e140eb1cf5e7c522154d69e7a0ffb0fb81c06b37543f"

[[package]]
name = "syn"
version = "2.0.101"
source = "registry+https://github.com/rust-lang/crates.io-index"
checksum = "8ce2b7fc941b3a24138a0a7cf8e858bfc6a992e7978a068a5c760deb0ed43caf"
dependencies = [
 "proc-macro2",
 "quote",
 "unicode-ident",
]

[[package]]
name = "toml_datetime"
version = "0.6.9"
source = "registry+https://github.com/rust-lang/crates.io-index"
checksum = "3da5db5a963e24bc68be8b17b6fa82814bb22ee8660f192bb182771d498f09a3"

[[package]]
name = "toml_edit"
version = "0.22.26"
source = "registry+https://github.com/rust-lang/crates.io-index"
checksum = "310068873db2c5b3e7659d2cc35d21855dbafa50d1ce336397c666e3cb08137e"
dependencies = [
 "indexmap",
 "toml_datetime",
 "winnow",
]

[[package]]
name = "unicode-ident"
version = "1.0.18"
source = "registry+https://github.com/rust-lang/crates.io-index"
checksum = "5a5f39404a5da50712a4c1eecf25e90dd62b613502b7e925fd4e4d19b5c96512"

[[package]]
name = "winnow"
version = "0.7.10"
source = "registry+https://github.com/rust-lang/crates.io-index"
checksum = "c06928c8748d81b05c9be96aad92e1b6ff01833332f281e8cfca3be4b35fc9ec"
dependencies = [
 "memchr",
]

[[package]]
name = "zvariant_derive"
version = "5.5.3"
dependencies = [
 "enumflags2",
 "proc-macro-crate",
 "proc-macro2",
 "quote",
 "serde",
 "serde_repr",
 "syn",
 "zvariant_utils",
]

[[package]]
name = "zvariant_utils"
version = "3.2.0"
source = "registry+https://github.com/rust-lang/crates.io-index"
checksum = "e16edfee43e5d7b553b77872d99bc36afdda75c223ca7ad5e3fbecd82ca5fc34"
dependencies = [
 "proc-macro2",
 "quote",
 "serde",
 "static_assertions",
 "syn",
 "winnow",
]
